// !$*UTF8*$!
{
	archiveVersion = 1;
	classes = {
	};
	objectVersion = 46;
	objects = {

/* Begin PBXBuildFile section */
		9F592C5716AB2D960053C2B1 /* main.c in Sources */ = {isa = PBXBuildFile; fileRef = 9F592C5616AB2D960053C2B1 /* main.c */; };
		9F592C6216AB31530053C2B1 /* ApplicationServices.framework in Frameworks */ = {isa = PBXBuildFile; fileRef = 9F592C6116AB31530053C2B1 /* ApplicationServices.framework */; };
/* End PBXBuildFile section */

/* Begin PBXCopyFilesBuildPhase section */
		9F592C5016AB2D960053C2B1 /* CopyFiles */ = {
			isa = PBXCopyFilesBuildPhase;
			buildActionMask = 2147483647;
			dstPath = /usr/share/man/man1/;
			dstSubfolderSpec = 0;
			files = (
			);
			runOnlyForDeploymentPostprocessing = 1;
		};
/* End PBXCopyFilesBuildPhase section */

/* Begin PBXFileReference section */
		9F592C5216AB2D960053C2B1 /* screenarrangement */ = {isa = PBXFileReference; explicitFileType = "compiled.mach-o.executable"; includeInIndex = 0; path = screenarrangement; sourceTree = BUILT_PRODUCTS_DIR; };
		9F592C5616AB2D960053C2B1 /* main.c */ = {isa = PBXFileReference; lastKnownFileType = sourcecode.c.c; path = main.c; sourceTree = "<group>"; };
		9F592C6116AB31530053C2B1 /* ApplicationServices.framework */ = {isa = PBXFileReference; lastKnownFileType = wrapper.framework; name = ApplicationServices.framework; path = System/Library/Frameworks/ApplicationServices.framework; sourceTree = SDKROOT; };
/* End PBXFileReference section */

/* Begin PBXFrameworksBuildPhase section */
		9F592C4F16AB2D960053C2B1 /* Frameworks */ = {
			isa = PBXFrameworksBuildPhase;
			buildActionMask = 2147483647;
			files = (
				9F592C6216AB31530053C2B1 /* ApplicationServices.framework in Frameworks */,
			);
			runOnlyForDeploymentPostprocessing = 0;
		};
/* End PBXFrameworksBuildPhase section */

/* Begin PBXGroup section */
		9F592C4716AB2D960053C2B1 = {
			isa = PBXGroup;
			children = (
				9F592C6116AB31530053C2B1 /* ApplicationServices.framework */,
				9F592C5516AB2D960053C2B1 /* screenarrangement */,
				9F592C5316AB2D960053C2B1 /* Products */,
			);
			sourceTree = "<group>";
		};
		9F592C5316AB2D960053C2B1 /* Products */ = {
			isa = PBXGroup;
			children = (
				9F592C5216AB2D960053C2B1 /* screenarrangement */,
			);
			name = Products;
			sourceTree = "<group>";
		};
		9F592C5516AB2D960053C2B1 /* screenarrangement */ = {
			isa = PBXGroup;
			children = (
				9F592C5616AB2D960053C2B1 /* main.c */,
			);
			path = screenarrangement;
			sourceTree = "<group>";
		};
/* End PBXGroup section */

/* Begin PBXNativeTarget section */
		9F592C5116AB2D960053C2B1 /* screenarrangement */ = {
			isa = PBXNativeTarget;
			buildConfigurationList = 9F592C5C16AB2D960053C2B1 /* Build configuration list for PBXNativeTarget "screenarrangement" */;
			buildPhases = (
				9F592C4E16AB2D960053C2B1 /* Sources */,
				9F592C4F16AB2D960053C2B1 /* Frameworks */,
				9F592C5016AB2D960053C2B1 /* CopyFiles */,
			);
			buildRules = (
			);
			dependencies = (
			);
			name = screenarrangement;
			productName = screenarrangement;
			productReference = 9F592C5216AB2D960053C2B1 /* screenarrangement */;
			productType = "com.apple.product-type.tool";
		};
/* End PBXNativeTarget section */

/* Begin PBXProject section */
		9F592C4916AB2D960053C2B1 /* Project object */ = {
			isa = PBXProject;
			attributes = {
				LastUpgradeCheck = 0450;
				ORGANIZATIONNAME = "Concept Not Found";
			};
			buildConfigurationList = 9F592C4C16AB2D960053C2B1 /* Build configuration list for PBXProject "screenarrangement" */;
			compatibilityVersion = "Xcode 3.2";
			developmentRegion = English;
			hasScannedForEncodings = 0;
			knownRegions = (
				en,
			);
			mainGroup = 9F592C4716AB2D960053C2B1;
			productRefGroup = 9F592C5316AB2D960053C2B1 /* Products */;
			projectDirPath = "";
			projectRoot = "";
			targets = (
				9F592C5116AB2D960053C2B1 /* screenarrangement */,
			);
		};
/* End PBXProject section */

/* Begin PBXSourcesBuildPhase section */
		9F592C4E16AB2D960053C2B1 /* Sources */ = {
			isa = PBXSourcesBuildPhase;
			buildActionMask = 2147483647;
			files = (
				9F592C5716AB2D960053C2B1 /* main.c in Sources */,
			);
			runOnlyForDeploymentPostprocessing = 0;
		};
/* End PBXSourcesBuildPhase section */

/* Begin XCBuildConfiguration section */
		9F592C5A16AB2D960053C2B1 /* Debug */ = {
			isa = XCBuildConfiguration;
			buildSettings = {
				ALWAYS_SEARCH_USER_PATHS = NO;
				ARCHS = "$(ARCHS_STANDARD_64_BIT)";
				CLANG_CXX_LANGUAGE_STANDARD = "gnu++0x";
				CLANG_CXX_LIBRARY = "libc++";
				CLANG_ENABLE_OBJC_ARC = YES;
				CLANG_WARN_EMPTY_BODY = YES;
				CLANG_WARN__DUPLICATE_METHOD_MATCH = YES;
				COPY_PHASE_STRIP = NO;
				GCC_C_LANGUAGE_STANDARD = gnu99;
				GCC_DYNAMIC_NO_PIC = NO;
				GCC_ENABLE_OBJC_EXCEPTIONS = YES;
				GCC_OPTIMIZATION_LEVEL = 0;
				GCC_PREPROCESSOR_DEFINITIONS = (
					"DEBUG=1",
					"$(inherited)",
				);
				GCC_SYMBOLS_PRIVATE_EXTERN = NO;
				GCC_WARN_64_TO_32_BIT_CONVERSION = YES;
				GCC_WARN_ABOUT_RETURN_TYPE = YES;
				GCC_WARN_UNINITIALIZED_AUTOS = YES;
				GCC_WARN_UNUSED_VARIABLE = YES;
				MACOSX_DEPLOYMENT_TARGET = 10.8;
				ONLY_ACTIVE_ARCH = YES;
				SDKROOT = macosx;
			};
			name = Debug;
		};
		9F592C5B16AB2D960053C2B1 /* Release */ = {
			isa = XCBuildConfiguration;
			buildSettings = {
				ALWAYS_SEARCH_USER_PATHS = NO;
				ARCHS = "$(ARCHS_STANDARD_64_BIT)";
				CLANG_CXX_LANGUAGE_STANDARD = "gnu++0x";
				CLANG_CXX_LIBRARY = "libc++";
				CLANG_ENABLE_OBJC_ARC = YES;
				CLANG_WARN_EMPTY_BODY = YES;
				CLANG_WARN__DUPLICATE_METHOD_MATCH = YES;
				COPY_PHASE_STRIP = YES;
				DEBUG_INFORMATION_FORMAT = "dwarf-with-dsym";
				GCC_C_LANGUAGE_STANDARD = gnu99;
				GCC_ENABLE_OBJC_EXCEPTIONS = YES;
				GCC_WARN_64_TO_32_BIT_CONVERSION = YES;
				GCC_WARN_ABOUT_RETURN_TYPE = YES;
				GCC_WARN_UNINITIALIZED_AUTOS = YES;
				GCC_WARN_UNUSED_VARIABLE = YES;
				MACOSX_DEPLOYMENT_TARGET = 10.8;
				SDKROOT = macosx;
			};
			name = Release;
		};
		9F592C5D16AB2D960053C2B1 /* Debug */ = {
			isa = XCBuildConfiguration;
			buildSettings = {
				PRODUCT_NAME = screenarrangement;
			};
			name = Debug;
		};
		9F592C5E16AB2D960053C2B1 /* Release */ = {
			isa = XCBuildConfiguration;
			buildSettings = {
				PRODUCT_NAME = screenarrangement;
			};
			name = Release;
		};
/* End XCBuildConfiguration section */

/* Begin XCConfigurationList section */
		9F592C4C16AB2D960053C2B1 /* Build configuration list for PBXProject "screenarrangement" */ = {
			isa = XCConfigurationList;
			buildConfigurations = (
				9F592C5A16AB2D960053C2B1 /* Debug */,
				9F592C5B16AB2D960053C2B1 /* Release */,
			);
			defaultConfigurationIsVisible = 0;
			defaultConfigurationName = Release;
		};
		9F592C5C16AB2D960053C2B1 /* Build configuration list for PBXNativeTarget "screenarrangement" */ = {
			isa = XCConfigurationList;
			buildConfigurations = (
				9F592C5D16AB2D960053C2B1 /* Debug */,
				9F592C5E16AB2D960053C2B1 /* Release */,
			);
			defaultConfigurationIsVisible = 0;
			defaultConfigurationName = Release;
		};
/* End XCConfigurationList section */
	};
	rootObject = 9F592C4916AB2D960053C2B1 /* Project object */;
}
